// !$*UTF8*$!
{
	archiveVersion = 1;
	classes = {
	};
	objectVersion = 50;
	objects = {

/* Begin PBXBuildFile section */
		BFD1ABF82579BF6100A923FB /* AppDelegate.swift in Sources */ = {isa = PBXBuildFile; fileRef = BFD1ABF72579BF6100A923FB /* AppDelegate.swift */; };
		BFD1ABFA2579BF6100A923FB /* SceneDelegate.swift in Sources */ = {isa = PBXBuildFile; fileRef = BFD1ABF92579BF6100A923FB /* SceneDelegate.swift */; };
		BFD1ABFC2579BF6100A923FB /* ViewController.swift in Sources */ = {isa = PBXBuildFile; fileRef = BFD1ABFB2579BF6100A923FB /* ViewController.swift */; };
		BFD1ABFF2579BF6100A923FB /* Main.storyboard in Resources */ = {isa = PBXBuildFile; fileRef = BFD1ABFD2579BF6100A923FB /* Main.storyboard */; };
		BFD1AC022579BF6100A923FB /* Practica_8__Covid_.xcdatamodeld in Sources */ = {isa = PBXBuildFile; fileRef = BFD1AC002579BF6100A923FB /* Practica_8__Covid_.xcdatamodeld */; };
		BFD1AC042579BF6100A923FB /* Assets.xcassets in Resources */ = {isa = PBXBuildFile; fileRef = BFD1AC032579BF6100A923FB /* Assets.xcassets */; };
		BFD1AC072579BF6100A923FB /* LaunchScreen.storyboard in Resources */ = {isa = PBXBuildFile; fileRef = BFD1AC052579BF6100A923FB /* LaunchScreen.storyboard */; };
		BFD1AC102579C25300A923FB /* CovidManager.swift in Sources */ = {isa = PBXBuildFile; fileRef = BFD1AC0F2579C25300A923FB /* CovidManager.swift */; };
		BFD1AC132579C27A00A923FB /* CovidModelo.swift in Sources */ = {isa = PBXBuildFile; fileRef = BFD1AC122579C27A00A923FB /* CovidModelo.swift */; };
		BFD1AC162579C28B00A923FB /* CovidData.swift in Sources */ = {isa = PBXBuildFile; fileRef = BFD1AC152579C28B00A923FB /* CovidData.swift */; };
/* End PBXBuildFile section */

/* Begin PBXFileReference section */
		BFD1ABF42579BF6100A923FB /* Practica 8 (Covid).app */ = {isa = PBXFileReference; explicitFileType = wrapper.application; includeInIndex = 0; path = "Practica 8 (Covid).app"; sourceTree = BUILT_PRODUCTS_DIR; };
		BFD1ABF72579BF6100A923FB /* AppDelegate.swift */ = {isa = PBXFileReference; lastKnownFileType = sourcecode.swift; path = AppDelegate.swift; sourceTree = "<group>"; };
		BFD1ABF92579BF6100A923FB /* SceneDelegate.swift */ = {isa = PBXFileReference; lastKnownFileType = sourcecode.swift; path = SceneDelegate.swift; sourceTree = "<group>"; };
		BFD1ABFB2579BF6100A923FB /* ViewController.swift */ = {isa = PBXFileReference; lastKnownFileType = sourcecode.swift; path = ViewController.swift; sourceTree = "<group>"; };
		BFD1ABFE2579BF6100A923FB /* Base */ = {isa = PBXFileReference; lastKnownFileType = file.storyboard; name = Base; path = Base.lproj/Main.storyboard; sourceTree = "<group>"; };
		BFD1AC012579BF6100A923FB /* Practica_8__Covid_.xcdatamodel */ = {isa = PBXFileReference; lastKnownFileType = wrapper.xcdatamodel; path = Practica_8__Covid_.xcdatamodel; sourceTree = "<group>"; };
		BFD1AC032579BF6100A923FB /* Assets.xcassets */ = {isa = PBXFileReference; lastKnownFileType = folder.assetcatalog; path = Assets.xcassets; sourceTree = "<group>"; };
		BFD1AC062579BF6100A923FB /* Base */ = {isa = PBXFileReference; lastKnownFileType = file.storyboard; name = Base; path = Base.lproj/LaunchScreen.storyboard; sourceTree = "<group>"; };
		BFD1AC082579BF6100A923FB /* Info.plist */ = {isa = PBXFileReference; lastKnownFileType = text.plist.xml; path = Info.plist; sourceTree = "<group>"; };
		BFD1AC0F2579C25300A923FB /* CovidManager.swift */ = {isa = PBXFileReference; lastKnownFileType = sourcecode.swift; path = CovidManager.swift; sourceTree = "<group>"; };
		BFD1AC122579C27A00A923FB /* CovidModelo.swift */ = {isa = PBXFileReference; lastKnownFileType = sourcecode.swift; path = CovidModelo.swift; sourceTree = "<group>"; };
		BFD1AC152579C28B00A923FB /* CovidData.swift */ = {isa = PBXFileReference; lastKnownFileType = sourcecode.swift; path = CovidData.swift; sourceTree = "<group>"; };
/* End PBXFileReference section */

/* Begin PBXFrameworksBuildPhase section */
		BFD1ABF12579BF6100A923FB /* Frameworks */ = {
			isa = PBXFrameworksBuildPhase;
			buildActionMask = 2147483647;
			files = (
			);
			runOnlyForDeploymentPostprocessing = 0;
		};
/* End PBXFrameworksBuildPhase section */

/* Begin PBXGroup section */
		BFD1ABEB2579BF6100A923FB = {
			isa = PBXGroup;
			children = (
				BFD1ABF62579BF6100A923FB /* Practica 8 (Covid) */,
				BFD1ABF52579BF6100A923FB /* Products */,
			);
			sourceTree = "<group>";
		};
		BFD1ABF52579BF6100A923FB /* Products */ = {
			isa = PBXGroup;
			children = (
				BFD1ABF42579BF6100A923FB /* Practica 8 (Covid).app */,
			);
			name = Products;
			sourceTree = "<group>";
		};
		BFD1ABF62579BF6100A923FB /* Practica 8 (Covid) */ = {
			isa = PBXGroup;
			children = (
				BFD1ABF72579BF6100A923FB /* AppDelegate.swift */,
				BFD1ABF92579BF6100A923FB /* SceneDelegate.swift */,
				BFD1ABFB2579BF6100A923FB /* ViewController.swift */,
				BFD1ABFD2579BF6100A923FB /* Main.storyboard */,
				BFD1AC032579BF6100A923FB /* Assets.xcassets */,
				BFD1AC052579BF6100A923FB /* LaunchScreen.storyboard */,
				BFD1AC082579BF6100A923FB /* Info.plist */,
				BFD1AC002579BF6100A923FB /* Practica_8__Covid_.xcdatamodeld */,
				BFD1AC0F2579C25300A923FB /* CovidManager.swift */,
				BFD1AC122579C27A00A923FB /* CovidModelo.swift */,
				BFD1AC152579C28B00A923FB /* CovidData.swift */,
			);
			path = "Practica 8 (Covid)";
			sourceTree = "<group>";
		};
/* End PBXGroup section */

/* Begin PBXNativeTarget section */
		BFD1ABF32579BF6100A923FB /* Practica 8 (Covid) */ = {
			isa = PBXNativeTarget;
			buildConfigurationList = BFD1AC0B2579BF6200A923FB /* Build configuration list for PBXNativeTarget "Practica 8 (Covid)" */;
			buildPhases = (
				BFD1ABF02579BF6100A923FB /* Sources */,
				BFD1ABF12579BF6100A923FB /* Frameworks */,
				BFD1ABF22579BF6100A923FB /* Resources */,
			);
			buildRules = (
			);
			dependencies = (
			);
			name = "Practica 8 (Covid)";
			productName = "Practica 8 (Covid)";
			productReference = BFD1ABF42579BF6100A923FB /* Practica 8 (Covid).app */;
			productType = "com.apple.product-type.application";
		};
/* End PBXNativeTarget section */

/* Begin PBXProject section */
		BFD1ABEC2579BF6100A923FB /* Project object */ = {
			isa = PBXProject;
			attributes = {
				LastSwiftUpdateCheck = 1220;
				LastUpgradeCheck = 1220;
				TargetAttributes = {
					BFD1ABF32579BF6100A923FB = {
						CreatedOnToolsVersion = 12.2;
					};
				};
			};
			buildConfigurationList = BFD1ABEF2579BF6100A923FB /* Build configuration list for PBXProject "Practica 8 (Covid)" */;
			compatibilityVersion = "Xcode 9.3";
			developmentRegion = en;
			hasScannedForEncodings = 0;
			knownRegions = (
				en,
				Base,
			);
			mainGroup = BFD1ABEB2579BF6100A923FB;
			productRefGroup = BFD1ABF52579BF6100A923FB /* Products */;
			projectDirPath = "";
			projectRoot = "";
			targets = (
				BFD1ABF32579BF6100A923FB /* Practica 8 (Covid) */,
			);
		};
/* End PBXProject section */

/* Begin PBXResourcesBuildPhase section */
		BFD1ABF22579BF6100A923FB /* Resources */ = {
			isa = PBXResourcesBuildPhase;
			buildActionMask = 2147483647;
			files = (
				BFD1AC072579BF6100A923FB /* LaunchScreen.storyboard in Resources */,
				BFD1AC042579BF6100A923FB /* Assets.xcassets in Resources */,
				BFD1ABFF2579BF6100A923FB /* Main.storyboard in Resources */,
			);
			runOnlyForDeploymentPostprocessing = 0;
		};
/* End PBXResourcesBuildPhase section */

/* Begin PBXSourcesBuildPhase section */
		BFD1ABF02579BF6100A923FB /* Sources */ = {
			isa = PBXSourcesBuildPhase;
			buildActionMask = 2147483647;
			files = (
				BFD1ABFC2579BF6100A923FB /* ViewController.swift in Sources */,
				BFD1AC162579C28B00A923FB /* CovidData.swift in Sources */,
				BFD1AC132579C27A00A923FB /* CovidModelo.swift in Sources */,
				BFD1AC102579C25300A923FB /* CovidManager.swift in Sources */,
				BFD1ABF82579BF6100A923FB /* AppDelegate.swift in Sources */,
				BFD1ABFA2579BF6100A923FB /* SceneDelegate.swift in Sources */,
				BFD1AC022579BF6100A923FB /* Practica_8__Covid_.xcdatamodeld in Sources */,
			);
			runOnlyForDeploymentPostprocessing = 0;
		};
/* End PBXSourcesBuildPhase section */

/* Begin PBXVariantGroup section */
		BFD1ABFD2579BF6100A923FB /* Main.storyboard */ = {
			isa = PBXVariantGroup;
			children = (
				BFD1ABFE2579BF6100A923FB /* Base */,
			);
			name = Main.storyboard;
			sourceTree = "<group>";
		};
		BFD1AC052579BF6100A923FB /* LaunchScreen.storyboard */ = {
			isa = PBXVariantGroup;
			children = (
				BFD1AC062579BF6100A923FB /* Base */,
			);
			name = LaunchScreen.storyboard;
			sourceTree = "<group>";
		};
/* End PBXVariantGroup section */

/* Begin XCBuildConfiguration section */
		BFD1AC092579BF6200A923FB /* Debug */ = {
			isa = XCBuildConfiguration;
			buildSettings = {
				ALWAYS_SEARCH_USER_PATHS = NO;
				CLANG_ANALYZER_NONNULL = YES;
				CLANG_ANALYZER_NUMBER_OBJECT_CONVERSION = YES_AGGRESSIVE;
				CLANG_CXX_LANGUAGE_STANDARD = "gnu++14";
				CLANG_CXX_LIBRARY = "libc++";
				CLANG_ENABLE_MODULES = YES;
				CLANG_ENABLE_OBJC_ARC = YES;
				CLANG_ENABLE_OBJC_WEAK = YES;
				CLANG_WARN_BLOCK_CAPTURE_AUTORELEASING = YES;
				CLANG_WARN_BOOL_CONVERSION = YES;
				CLANG_WARN_COMMA = YES;
				CLANG_WARN_CONSTANT_CONVERSION = YES;
				CLANG_WARN_DEPRECATED_OBJC_IMPLEMENTATIONS = YES;
				CLANG_WARN_DIRECT_OBJC_ISA_USAGE = YES_ERROR;
				CLANG_WARN_DOCUMENTATION_COMMENTS = YES;
				CLANG_WARN_EMPTY_BODY = YES;
				CLANG_WARN_ENUM_CONVERSION = YES;
				CLANG_WARN_INFINITE_RECURSION = YES;
				CLANG_WARN_INT_CONVERSION = YES;
				CLANG_WARN_NON_LITERAL_NULL_CONVERSION = YES;
				CLANG_WARN_OBJC_IMPLICIT_RETAIN_SELF = YES;
				CLANG_WARN_OBJC_LITERAL_CONVERSION = YES;
				CLANG_WARN_OBJC_ROOT_CLASS = YES_ERROR;
				CLANG_WARN_QUOTED_INCLUDE_IN_FRAMEWORK_HEADER = YES;
				CLANG_WARN_RANGE_LOOP_ANALYSIS = YES;
				CLANG_WARN_STRICT_PROTOTYPES = YES;
				CLANG_WARN_SUSPICIOUS_MOVE = YES;
				CLANG_WARN_UNGUARDED_AVAILABILITY = YES_AGGRESSIVE;
				CLANG_WARN_UNREACHABLE_CODE = YES;
				CLANG_WARN__DUPLICATE_METHOD_MATCH = YES;
				COPY_PHASE_STRIP = NO;
				DEBUG_INFORMATION_FORMAT = dwarf;
				ENABLE_STRICT_OBJC_MSGSEND = YES;
				ENABLE_TESTABILITY = YES;
				GCC_C_LANGUAGE_STANDARD = gnu11;
				GCC_DYNAMIC_NO_PIC = NO;
				GCC_NO_COMMON_BLOCKS = YES;
				GCC_OPTIMIZATION_LEVEL = 0;
				GCC_PREPROCESSOR_DEFINITIONS = (
					"DEBUG=1",
					"$(inherited)",
				);
				GCC_WARN_64_TO_32_BIT_CONVERSION = YES;
				GCC_WARN_ABOUT_RETURN_TYPE = YES_ERROR;
				GCC_WARN_UNDECLARED_SELECTOR = YES;
				GCC_WARN_UNINITIALIZED_AUTOS = YES_AGGRESSIVE;
				GCC_WARN_UNUSED_FUNCTION = YES;
				GCC_WARN_UNUSED_VARIABLE = YES;
				IPHONEOS_DEPLOYMENT_TARGET = 14.2;
				MTL_ENABLE_DEBUG_INFO = INCLUDE_SOURCE;
				MTL_FAST_MATH = YES;
				ONLY_ACTIVE_ARCH = YES;
				SDKROOT = iphoneos;
				SWIFT_ACTIVE_COMPILATION_CONDITIONS = DEBUG;
				SWIFT_OPTIMIZATION_LEVEL = "-Onone";
			};
			name = Debug;
		};
		BFD1AC0A2579BF6200A923FB /* Release */ = {
			isa = XCBuildConfiguration;
			buildSettings = {
				ALWAYS_SEARCH_USER_PATHS = NO;
				CLANG_ANALYZER_NONNULL = YES;
				CLANG_ANALYZER_NUMBER_OBJECT_CONVERSION = YES_AGGRESSIVE;
				CLANG_CXX_LANGUAGE_STANDARD = "gnu++14";
				CLANG_CXX_LIBRARY = "libc++";
				CLANG_ENABLE_MODULES = YES;
				CLANG_ENABLE_OBJC_ARC = YES;
				CLANG_ENABLE_OBJC_WEAK = YES;
				CLANG_WARN_BLOCK_CAPTURE_AUTORELEASING = YES;
				CLANG_WARN_BOOL_CONVERSION = YES;
				CLANG_WARN_COMMA = YES;
				CLANG_WARN_CONSTANT_CONVERSION = YES;
				CLANG_WARN_DEPRECATED_OBJC_IMPLEMENTATIONS = YES;
				CLANG_WARN_DIRECT_OBJC_ISA_USAGE = YES_ERROR;
				CLANG_WARN_DOCUMENTATION_COMMENTS = YES;
				CLANG_WARN_EMPTY_BODY = YES;
				CLANG_WARN_ENUM_CONVERSION = YES;
				CLANG_WARN_INFINITE_RECURSION = YES;
				CLANG_WARN_INT_CONVERSION = YES;
				CLANG_WARN_NON_LITERAL_NULL_CONVERSION = YES;
				CLANG_WARN_OBJC_IMPLICIT_RETAIN_SELF = YES;
				CLANG_WARN_OBJC_LITERAL_CONVERSION = YES;
				CLANG_WARN_OBJC_ROOT_CLASS = YES_ERROR;
				CLANG_WARN_QUOTED_INCLUDE_IN_FRAMEWORK_HEADER = YES;
				CLANG_WARN_RANGE_LOOP_ANALYSIS = YES;
				CLANG_WARN_STRICT_PROTOTYPES = YES;
				CLANG_WARN_SUSPICIOUS_MOVE = YES;
				CLANG_WARN_UNGUARDED_AVAILABILITY = YES_AGGRESSIVE;
				CLANG_WARN_UNREACHABLE_CODE = YES;
				CLANG_WARN__DUPLICATE_METHOD_MATCH = YES;
				COPY_PHASE_STRIP = NO;
				DEBUG_INFORMATION_FORMAT = "dwarf-with-dsym";
				ENABLE_NS_ASSERTIONS = NO;
				ENABLE_STRICT_OBJC_MSGSEND = YES;
				GCC_C_LANGUAGE_STANDARD = gnu11;
				GCC_NO_COMMON_BLOCKS = YES;
				GCC_WARN_64_TO_32_BIT_CONVERSION = YES;
				GCC_WARN_ABOUT_RETURN_TYPE = YES_ERROR;
				GCC_WARN_UNDECLARED_SELECTOR = YES;
				GCC_WARN_UNINITIALIZED_AUTOS = YES_AGGRESSIVE;
				GCC_WARN_UNUSED_FUNCTION = YES;
				GCC_WARN_UNUSED_VARIABLE = YES;
				IPHONEOS_DEPLOYMENT_TARGET = 14.2;
				MTL_ENABLE_DEBUG_INFO = NO;
				MTL_FAST_MATH = YES;
				SDKROOT = iphoneos;
				SWIFT_COMPILATION_MODE = wholemodule;
				SWIFT_OPTIMIZATION_LEVEL = "-O";
				VALIDATE_PRODUCT = YES;
			};
			name = Release;
		};
		BFD1AC0C2579BF6200A923FB /* Debug */ = {
			isa = XCBuildConfiguration;
			buildSettings = {
				ASSETCATALOG_COMPILER_APPICON_NAME = AppIcon;
				ASSETCATALOG_COMPILER_GLOBAL_ACCENT_COLOR_NAME = AccentColor;
				CODE_SIGN_STYLE = Automatic;
				INFOPLIST_FILE = "Practica 8 (Covid)/Info.plist";
				LD_RUNPATH_SEARCH_PATHS = (
					"$(inherited)",
					"@executable_path/Frameworks",
				);
				PRODUCT_BUNDLE_IDENTIFIER = "com.Ingrid.Practica-8--Covid-";
				PRODUCT_NAME = "$(TARGET_NAME)";
				SWIFT_VERSION = 5.0;
				TARGETED_DEVICE_FAMILY = "1,2";
			};
			name = Debug;
		};
		BFD1AC0D2579BF6200A923FB /* Release */ = {
			isa = XCBuildConfiguration;
			buildSettings = {
				ASSETCATALOG_COMPILER_APPICON_NAME = AppIcon;
				ASSETCATALOG_COMPILER_GLOBAL_ACCENT_COLOR_NAME = AccentColor;
				CODE_SIGN_STYLE = Automatic;
				INFOPLIST_FILE = "Practica 8 (Covid)/Info.plist";
				LD_RUNPATH_SEARCH_PATHS = (
					"$(inherited)",
					"@executable_path/Frameworks",
				);
				PRODUCT_BUNDLE_IDENTIFIER = "com.Ingrid.Practica-8--Covid-";
				PRODUCT_NAME = "$(TARGET_NAME)";
				SWIFT_VERSION = 5.0;
				TARGETED_DEVICE_FAMILY = "1,2";
			};
			name = Release;
		};
/* End XCBuildConfiguration section */

/* Begin XCConfigurationList section */
		BFD1ABEF2579BF6100A923FB /* Build configuration list for PBXProject "Practica 8 (Covid)" */ = {
			isa = XCConfigurationList;
			buildConfigurations = (
				BFD1AC092579BF6200A923FB /* Debug */,
				BFD1AC0A2579BF6200A923FB /* Release */,
			);
			defaultConfigurationIsVisible = 0;
			defaultConfigurationName = Release;
		};
		BFD1AC0B2579BF6200A923FB /* Build configuration list for PBXNativeTarget "Practica 8 (Covid)" */ = {
			isa = XCConfigurationList;
			buildConfigurations = (
				BFD1AC0C2579BF6200A923FB /* Debug */,
				BFD1AC0D2579BF6200A923FB /* Release */,
			);
			defaultConfigurationIsVisible = 0;
			defaultConfigurationName = Release;
		};
/* End XCConfigurationList section */

/* Begin XCVersionGroup section */
		BFD1AC002579BF6100A923FB /* Practica_8__Covid_.xcdatamodeld */ = {
			isa = XCVersionGroup;
			children = (
				BFD1AC012579BF6100A923FB /* Practica_8__Covid_.xcdatamodel */,
			);
			currentVersion = BFD1AC012579BF6100A923FB /* Practica_8__Covid_.xcdatamodel */;
			path = Practica_8__Covid_.xcdatamodeld;
			sourceTree = "<group>";
			versionGroupType = wrapper.xcdatamodel;
		};
/* End XCVersionGroup section */
	};
	rootObject = BFD1ABEC2579BF6100A923FB /* Project object */;
}
